{
  "version": 4,
  "terraform_version": "1.5.7",
  "serial": 7,
  "lineage": "0dfa542e-b1eb-d914-342d-a999af8be224",
  "outputs": {},
  "resources": [
    {
      "mode": "data",
      "type": "local_file",
      "name": "dog",
      "provider": "provider[\"registry.terraform.io/hashicorp/local\"]",
      "instances": [
        {
          "schema_version": 0,
          "attributes": {
            "content": "Dogs are awesome!",
            "content_base64": "RG9ncyBhcmUgYXdlc29tZSE=",
            "content_base64sha256": "IgeDqu8FetCYxnpmRkUi/Rn7H0IGNCyyfBmdATYJZU4=",
            "content_base64sha512": "rij0oxRTMBTq57fTgtszanxbrkyfVXLjxvqDkesA9G06Q67Vg2nhLg2/eixaIG+aTxVOGJr9BLefGVpS5hnZ9Q==",
            "content_md5": "de991aa22200f7dba02f6e2e8bc1e291",
            "content_sha1": "6f2d8a103966f29735e515efa6a0d32087839de8",
            "content_sha256": "220783aaef057ad098c67a66464522fd19fb1f4206342cb27c199d013609654e",
            "content_sha512": "ae28f4a314533014eae7b7d382db336a7c5bae4c9f5572e3c6fa8391eb00f46d3a43aed58369e12e0dbf7a2c5a206f9a4f154e189afd04b79f195a52e619d9f5",
            "filename": "dogs.txt",
            "id": "6f2d8a103966f29735e515efa6a0d32087839de8"
          },
          "sensitive_attributes": []
        }
      ]
    },
    {
      "mode": "managed",
      "type": "local_file",
      "name": "pet",
      "provider": "provider[\"registry.terraform.io/hashicorp/local\"]",
      "instances": [
        {
          "schema_version": 0,
          "attributes": {
            "content": "Dogs are awesome!",
            "content_base64": null,
            "content_base64sha256": "IgeDqu8FetCYxnpmRkUi/Rn7H0IGNCyyfBmdATYJZU4=",
            "content_base64sha512": "rij0oxRTMBTq57fTgtszanxbrkyfVXLjxvqDkesA9G06Q67Vg2nhLg2/eixaIG+aTxVOGJr9BLefGVpS5hnZ9Q==",
            "content_md5": "de991aa22200f7dba02f6e2e8bc1e291",
            "content_sha1": "6f2d8a103966f29735e515efa6a0d32087839de8",
            "content_sha256": "220783aaef057ad098c67a66464522fd19fb1f4206342cb27c199d013609654e",
            "content_sha512": "ae28f4a314533014eae7b7d382db336a7c5bae4c9f5572e3c6fa8391eb00f46d3a43aed58369e12e0dbf7a2c5a206f9a4f154e189afd04b79f195a52e619d9f5",
            "directory_permission": "0777",
            "file_permission": "0777",
            "filename": "pets.txt",
            "id": "6f2d8a103966f29735e515efa6a0d32087839de8",
            "sensitive_content": null,
            "source": null
          },
          "sensitive_attributes": [],
          "dependencies": [
            "data.local_file.dog"
          ]
        }
      ]
    }
  ],
  "check_results": null
}
