{
  "version": 4,
  "terraform_version": "1.5.7",
  "serial": 1,
  "lineage": "c61c1429-73aa-bc72-7a28-f7ca59f958d4",
  "outputs": {},
  "resources": [
    {
      "mode": "managed",
      "type": "local_file",
      "name": "cat",
      "provider": "provider[\"registry.terraform.io/hashicorp/local\"]",
      "instances": [
        {
          "schema_version": 0,
          "attributes": {
            "content": "My favorite pet is Mr. Whiskers",
            "content_base64": null,
            "content_base64sha256": "GhEfcHzKMlg16F56hTFvNHWMy6lR2cu9bD9wAHMv9J4=",
            "content_base64sha512": "7JigEVUM3D3Oc0NQDaiFKMu5kPzxrdxA74C2gSRxxB6XhLnplnYVXV664i62gEZ8mE8Cv13sV8Z/UTB4ttbmlg==",
            "content_md5": "b594c3dc59ef89ba501bbbf9491668a6",
            "content_sha1": "f392b4bcf5db76684f719bf72061627a9a177de1",
            "content_sha256": "1a111f707cca325835e85e7a85316f34758ccba951d9cbbd6c3f7000732ff49e",
            "content_sha512": "ec98a011550cdc3dce7343500da88528cbb990fcf1addc40ef80b6812471c41e9784b9e99676155d5ebae22eb680467c984f02bf5dec57c67f513078b6d6e696",
            "directory_permission": "0777",
            "file_permission": "0777",
            "filename": "cat.txt",
            "id": "f392b4bcf5db76684f719bf72061627a9a177de1",
            "sensitive_content": null,
            "source": null
          },
          "sensitive_attributes": []
        }
      ]
    },
    {
      "mode": "managed",
      "type": "local_file",
      "name": "pet",
      "provider": "provider[\"registry.terraform.io/hashicorp/local\"]",
      "instances": [
        {
          "schema_version": 0,
          "attributes": {
            "content": "We love pets!",
            "content_base64": null,
            "content_base64sha256": "zUA5Ip/IeKlmTQIptlp90JdMGAd8YLStDXhpGq0Bp0c=",
            "content_base64sha512": "tduqTz5S8Wa3O9Ab5+g0GcGL6kMjMh61vjFcMm5KkOO5TgViAC/kBOdvYHl9qky2K99+u80z0CfCs2ExsHbjGg==",
            "content_md5": "f510a471c5dc0bcd4759ad9dc81a516f",
            "content_sha1": "cba595b7d9f94ba1107a46f3f731912d95fb3d2c",
            "content_sha256": "cd4039229fc878a9664d0229b65a7dd0974c18077c60b4ad0d78691aad01a747",
            "content_sha512": "b5dbaa4f3e52f166b73bd01be7e83419c18bea4323321eb5be315c326e4a90e3b94e0562002fe404e76f60797daa4cb62bdf7ebbcd33d027c2b36131b076e31a",
            "directory_permission": "0777",
            "file_permission": "0700",
            "filename": "pets.txt",
            "id": "cba595b7d9f94ba1107a46f3f731912d95fb3d2c",
            "sensitive_content": null,
            "source": null
          },
          "sensitive_attributes": []
        }
      ]
    }
  ],
  "check_results": null
}
