{
  "version": 4,
  "terraform_version": "1.5.7",
  "serial": 3,
  "lineage": "506aa4c1-bdb8-ce64-d5e1-e2582b0036c2",
  "outputs": {},
  "resources": [
    {
      "mode": "managed",
      "type": "aws_iam_user",
      "name": "admin-user",
      "provider": "provider[\"registry.terraform.io/hashicorp/aws\"]",
      "instances": [
        {
          "schema_version": 0,
          "attributes": {
            "arn": "arn:aws:iam::058264088383:user/sunggon",
            "force_destroy": false,
            "id": "sunggon",
            "name": "sunggon",
            "path": "/",
            "permissions_boundary": "",
            "tags": {
              "description": "Technical Team Leader"
            },
            "tags_all": {
              "description": "Technical Team Leader"
            },
            "unique_id": "AIDAQ3EGPN47ZIVFPWZKQ"
          },
          "sensitive_attributes": [],
          "private": "bnVsbA=="
        }
      ]
    }
  ],
  "check_results": null
}
