{
  "version": 4,
  "terraform_version": "1.5.7",
  "serial": 3,
  "lineage": "85f33888-4b07-c708-be5d-d52a7bb74296",
  "outputs": {},
  "resources": [
    {
      "mode": "managed",
      "type": "local_file",
      "name": "pet",
      "provider": "provider[\"registry.terraform.io/hashicorp/local\"]",
      "instances": [
        {
          "schema_version": 0,
          "attributes": {
            "content": "My favorite pet is Mrs.main.pheasant",
            "content_base64": null,
            "content_base64sha256": "ORSK7lhlOfkdNVY1jmf7sO13zEkNo3AeVaKyzekeNVg=",
            "content_base64sha512": "xFrRlF+mN7UJYLdmU2O0dzoPui3nq+nkiUbrAWMhkpK/aBrYtDslIDiGtasXaICql90drCHrDtlIVHqAKDIKyg==",
            "content_md5": "4e54e95cafa51fd6fcf02078fa206b79",
            "content_sha1": "1a53a095342bf802d712aee4da9ed933f4723bdb",
            "content_sha256": "39148aee586539f91d3556358e67fbb0ed77cc490da3701e55a2b2cde91e3558",
            "content_sha512": "c45ad1945fa637b50960b7665363b4773a0fba2de7abe9e48946eb0163219292bf681ad8b43b25203886b5ab176880aa97dd1dac21eb0ed948547a8028320aca",
            "directory_permission": "0777",
            "file_permission": "0777",
            "filename": "pets.txt",
            "id": "1a53a095342bf802d712aee4da9ed933f4723bdb",
            "sensitive_content": null,
            "source": null
          },
          "sensitive_attributes": [],
          "dependencies": [
            "random_pet.my-pet"
          ]
        }
      ]
    },
    {
      "mode": "managed",
      "type": "random_pet",
      "name": "my-pet",
      "provider": "provider[\"registry.terraform.io/hashicorp/random\"]",
      "instances": [
        {
          "schema_version": 0,
          "attributes": {
            "id": "Mrs.main.pheasant",
            "keepers": null,
            "length": 2,
            "prefix": "Mrs",
            "separator": "."
          },
          "sensitive_attributes": []
        }
      ]
    }
  ],
  "check_results": null
}
