{
  "version": 4,
  "terraform_version": "1.5.7",
  "serial": 8,
  "lineage": "a051aa08-dbaf-1db0-b6d4-b880f22f8972",
  "outputs": {},
  "resources": [
    {
      "mode": "managed",
      "type": "aws_instance",
      "name": "webserver",
      "provider": "provider[\"registry.terraform.io/hashicorp/aws\"]",
      "instances": [
        {
          "schema_version": 1,
          "attributes": {
            "ami": "ami-0cf2b4e024cdb6960",
            "arn": "arn:aws:ec2:us-west-2:058264088383:instance/i-0f199fb702704199e",
            "associate_public_ip_address": true,
            "availability_zone": "us-west-2c",
            "capacity_reservation_specification": [
              {
                "capacity_reservation_preference": "open",
                "capacity_reservation_target": []
              }
            ],
            "cpu_core_count": 1,
            "cpu_options": [
              {
                "amd_sev_snp": "",
                "core_count": 1,
                "threads_per_core": 1
              }
            ],
            "cpu_threads_per_core": 1,
            "credit_specification": [
              {
                "cpu_credits": "standard"
              }
            ],
            "disable_api_stop": false,
            "disable_api_termination": false,
            "ebs_block_device": [],
            "ebs_optimized": false,
            "enclave_options": [
              {
                "enabled": false
              }
            ],
            "ephemeral_block_device": [],
            "get_password_data": false,
            "hibernation": false,
            "host_id": "",
            "host_resource_group_arn": null,
            "iam_instance_profile": "",
            "id": "i-0f199fb702704199e",
            "instance_initiated_shutdown_behavior": "stop",
            "instance_lifecycle": "",
            "instance_market_options": [],
            "instance_state": "running",
            "instance_type": "t2.micro",
            "ipv6_address_count": 0,
            "ipv6_addresses": [],
            "key_name": "terraform-20240524075407901600000001",
            "launch_template": [],
            "maintenance_options": [
              {
                "auto_recovery": "default"
              }
            ],
            "metadata_options": [
              {
                "http_endpoint": "enabled",
                "http_protocol_ipv6": "disabled",
                "http_put_response_hop_limit": 2,
                "http_tokens": "required",
                "instance_metadata_tags": "disabled"
              }
            ],
            "monitoring": false,
            "network_interface": [],
            "outpost_arn": "",
            "password_data": "",
            "placement_group": "",
            "placement_partition_number": 0,
            "primary_network_interface_id": "eni-0fc483ea28bfc4a85",
            "private_dns": "ip-172-31-3-63.us-west-2.compute.internal",
            "private_dns_name_options": [
              {
                "enable_resource_name_dns_a_record": false,
                "enable_resource_name_dns_aaaa_record": false,
                "hostname_type": "ip-name"
              }
            ],
            "private_ip": "172.31.3.63",
            "public_dns": "ec2-34-219-92-80.us-west-2.compute.amazonaws.com",
            "public_ip": "34.219.92.80",
            "root_block_device": [
              {
                "delete_on_termination": true,
                "device_name": "/dev/sda1",
                "encrypted": false,
                "iops": 3000,
                "kms_key_id": "",
                "tags": {},
                "tags_all": {},
                "throughput": 125,
                "volume_id": "vol-06093431959388de6",
                "volume_size": 8,
                "volume_type": "gp3"
              }
            ],
            "secondary_private_ips": [],
            "security_groups": [
              "ssh-access"
            ],
            "source_dest_check": true,
            "spot_instance_request_id": "",
            "subnet_id": "subnet-0e71701604087aa1d",
            "tags": {
              "Description": "An Nginx Webserver on Ubuntu",
              "Name": "webserver"
            },
            "tags_all": {
              "Description": "An Nginx Webserver on Ubuntu",
              "Name": "webserver"
            },
            "tenancy": "default",
            "timeouts": null,
            "user_data": "57011f047cd1723d9edea476016aa29d2586e33f",
            "user_data_base64": null,
            "user_data_replace_on_change": false,
            "volume_tags": null,
            "vpc_security_group_ids": [
              "sg-0430a7c1d5876ca00"
            ]
          },
          "sensitive_attributes": [],
          "private": "eyJlMmJmYjczMC1lY2FhLTExZTYtOGY4OC0zNDM2M2JjN2M0YzAiOnsiY3JlYXRlIjo2MDAwMDAwMDAwMDAsImRlbGV0ZSI6MTIwMDAwMDAwMDAwMCwicmVhZCI6OTAwMDAwMDAwMDAwLCJ1cGRhdGUiOjYwMDAwMDAwMDAwMH0sInNjaGVtYV92ZXJzaW9uIjoiMSJ9",
          "dependencies": [
            "aws_key_pair.web",
            "aws_security_group.ssh-access"
          ]
        }
      ]
    },
    {
      "mode": "managed",
      "type": "aws_key_pair",
      "name": "web",
      "provider": "provider[\"registry.terraform.io/hashicorp/aws\"]",
      "instances": [
        {
          "schema_version": 1,
          "attributes": {
            "arn": "arn:aws:ec2:us-west-2:058264088383:key-pair/terraform-20240524075407901600000001",
            "fingerprint": "a6:93:93:2d:4c:36:95:b2:43:46:fd:c0:86:bf:e0:bf",
            "id": "terraform-20240524075407901600000001",
            "key_name": "terraform-20240524075407901600000001",
            "key_name_prefix": "terraform-",
            "key_pair_id": "key-0362ae9bc7db17f65",
            "key_type": "rsa",
            "public_key": "ssh-rsa AAAAB3NzaC1yc2EAAAADAQABAAACAQCoPaicrvpdcL+kKzj0OGCw4nxE3e1+ODidcV4FQ7n1gkGTLlLh44dOQ9PHQ9t/OCW65E2PhMzIYvVaHQS951QhM+uHNAH6+MF9yohLb3Za0l8kYs+MwlDhuIgZQV+tybzvjIhcPC4Y/bdx9G0HW+J+cAYq6F0MM4dgxaSf7JgRrlDUaOEq4iNURI9N9TpGtwdG2isTWavnSYymrOZOa6mxlP6qB5zzkG6fkECoV96BAQYoed3aUwXGqs9HMaRHhFQS/34GETD4exHbIb0+MiuiODMxJmnADbjYME9Grnvkx7bJJ5huEqGoi/QT3ch9u+28Kjz03XRr43Z/ANQ04JIBkc2prFlPHYUIqdZwWDWWa1uAftQD1ectEZM3F1k41XZjqOVt2SE8RmQ7L/wWSfBVXaZKMN21mKvdGdYuempXPNqcCuvfdHkyfUooD3IhhznB6JisMaN3RZ3oWJPUfdchxWn9VaqdO6KR6Q3aUvS7Yr0sDal0kIGhSr0X1JEr1nQt/zoUBZqbTfn+D87aOCkchcE9KxX7zbjAyvg5FWNRxcow1ob+0I5P83X2SdRAFdsj64RMyytQU1PHnj1bht+ec+fa/sYONdCBtx2+fVmbTIqwuR0+4mdb/97FlBYTqH5xSb90d3ruY/nJLKv1w0o0TgmuC5rfBhvHKN7/ziDi5Q== f2hard3@Sunggons-MacBook-Pro.local",
            "tags": {},
            "tags_all": {}
          },
          "sensitive_attributes": [],
          "private": "eyJzY2hlbWFfdmVyc2lvbiI6IjEifQ=="
        }
      ]
    },
    {
      "mode": "managed",
      "type": "aws_security_group",
      "name": "ssh-access",
      "provider": "provider[\"registry.terraform.io/hashicorp/aws\"]",
      "instances": [
        {
          "schema_version": 1,
          "attributes": {
            "arn": "arn:aws:ec2:us-west-2:058264088383:security-group/sg-0430a7c1d5876ca00",
            "description": "Allow SSH access from the internet",
            "egress": [],
            "id": "sg-0430a7c1d5876ca00",
            "ingress": [
              {
                "cidr_blocks": [
                  "0.0.0.0/0"
                ],
                "description": "",
                "from_port": 22,
                "ipv6_cidr_blocks": [],
                "prefix_list_ids": [],
                "protocol": "tcp",
                "security_groups": [],
                "self": false,
                "to_port": 22
              }
            ],
            "name": "ssh-access",
            "name_prefix": "",
            "owner_id": "058264088383",
            "revoke_rules_on_delete": false,
            "tags": {},
            "tags_all": {},
            "timeouts": null,
            "vpc_id": "vpc-0a2cb6af12e9fec37"
          },
          "sensitive_attributes": [],
          "private": "eyJlMmJmYjczMC1lY2FhLTExZTYtOGY4OC0zNDM2M2JjN2M0YzAiOnsiY3JlYXRlIjo2MDAwMDAwMDAwMDAsImRlbGV0ZSI6OTAwMDAwMDAwMDAwfSwic2NoZW1hX3ZlcnNpb24iOiIxIn0="
        }
      ]
    }
  ],
  "check_results": null
}
